# Weekly flake.lock bump as a reviewable PR, with the input rev changes in
# the PR body. check/build runs are dispatched onto the branch explicitly
# because pushes made with GITHUB_TOKEN do not trigger on-push workflows.
#
# One branch holds the bump, rebuilt from main and force-pushed each run, so
# an unmerged PR is refreshed in place instead of being joined by a second PR
# that touches the same lines. The branch belongs to this workflow: anything
# committed onto it by hand is overwritten on the next run.
name: update-lock

on:
  schedule:
    - cron: "0 2 * * 1"
  workflow_dispatch:

permissions:
  contents: write
  pull-requests: write
  actions: write

jobs:
  bump:
    runs-on: ubuntu-latest
    steps:
      - uses: actions/checkout@v7

      # The token avoids GitHub API rate limits when fetching flake inputs.
      - uses: cachix/install-nix-action@v31
        with:
          github_access_token: ${{ secrets.GITHUB_TOKEN }}

      - name: bump lock, open PR, dispatch CI
        env:
          GH_TOKEN: ${{ github.token }}
        run: |
          set -euo pipefail
          cp flake.lock "$RUNNER_TEMP/flake.lock.old"
          nix flake update 2>&1 | tee update.log
          if git diff --quiet -- flake.lock; then
            echo "flake.lock already at branch tips; nothing to do"
            exit 0
          fi
          branch="flake-lock/weekly"
          git config user.name "github-actions[bot]"
          git config user.email "41898282+github-actions[bot]@users.noreply.github.com"
          git checkout -B "$branch"
          git add flake.lock
          git commit -m "chore(flake): update inputs"
          pr=$(gh pr list --head "$branch" --state open --json number --jq '.[0].number')
          # An open PR already carrying these exact inputs needs no new commit
          # and no second CI run; its body still describes what merging does.
          if [ -n "$pr" ] && git fetch origin "$branch" && git diff --quiet FETCH_HEAD -- flake.lock; then
            echo "PR #$pr already holds these inputs; nothing to do"
            exit 0
          fi
          git push --force -u origin "$branch"
          {
            echo "Automated weekly flake.lock bump."
            echo
            echo "| input | old | new | changes |"
            echo "|---|---|---|---|"
            jq -r --slurpfile old "$RUNNER_TEMP/flake.lock.old" '
              $old[0].nodes as $o | .nodes | to_entries[]
              | select(.key != "root")
              | select($o[.key].locked.rev != null and .value.locked.rev != $o[.key].locked.rev)
              | [.key, .value.locked.owner, .value.locked.repo,
                 $o[.key].locked.rev, .value.locked.rev,
                 ($o[.key].locked.lastModified | todate | .[:10]),
                 (.value.locked.lastModified | todate | .[:10])]
              | @tsv
            ' flake.lock | while IFS=$'\t' read -r name owner repo orev nrev odate ndate; do
              count=$(gh api "repos/$owner/$repo/compare/$orev...$nrev" --jq .total_commits)
              echo "| $name | \`${orev:0:11}\` $odate | \`${nrev:0:11}\` $ndate | [$count commits](https://github.com/$owner/$repo/compare/$orev...$nrev) |"
            done
            echo
            echo "Review the changes above before merging; a lock bump is a real version bump."
          } > pr-body.md
          if [ -n "$pr" ]; then
            gh pr edit "$pr" --body-file pr-body.md
          else
            gh pr create --title "chore(flake): weekly input bump" --body-file pr-body.md
          fi
          gh workflow run check.yml --ref "$branch"
          gh workflow run build.yml --ref "$branch"
